
Microsoft Visual Studio Solution File, Format Version 12.00
# Visual Studio Version 17
VisualStudioVersion = 17.0.31903.59
MinimumVisualStudioVersion = 10.0.40219.1
Project("{FAE04EC0-301F-11D3-BF4B-00C04F79EFBC}") = "EasySave", "EasySave\EasySave.csproj", "{B9D56788-75E8-4444-A4F6-D237CC1AD7E8}"
EndProject
Project("{FAE04EC0-301F-11D3-BF4B-00C04F79EFBC}") = "EasyLog", "EasyLog\EasyLog.csproj", "{CBA1CCB9-2AB6-40CC-AE81-672657E5275A}"
EndProject
Project("{FAE04EC0-301F-11D3-BF4B-00C04F79EFBC}") = "CryptoSoft", "CryptoSoft\CryptoSoft.csproj", "{D1F2A3B4-5C6D-7E8F-9A0B-1C2D3E4F5A6B}"
EndProject
Project("{FAE04EC0-301F-11D3-BF4B-00C04F79EFBC}") = "EasySave.Core", "EasySave.Core\EasySave.Core.csproj", "{A1B2C3D4-0001-4E2F-9A1B-000000000001}"
EndProject
Project("{FAE04EC0-301F-11D3-BF4B-00C04F79EFBC}") = "EasySave.Cli", "EasySave.Cli\EasySave.Cli.csproj", "{A1B2C3D4-0002-4E2F-9A1B-000000000002}"
EndProject
Project("{FAE04EC0-301F-11D3-BF4B-00C04F79EFBC}") = "EasySave.Protocol", "EasySave.Protocol\EasySave.Protocol.csproj", "{0A5A46C0-3C80-4EAF-9647-5E43FDA3EA17}"
EndProject
Project("{FAE04EC0-301F-11D3-BF4B-00C04F79EFBC}") = "EasySave.Server", "EasySave.Server\EasySave.Server.csproj", "{F9EFE7EA-F774-4CC1-9320-50FB7A520A36}"
EndProject
Project("{FAE04EC0-301F-11D3-BF4B-00C04F79EFBC}") = "EasySave.Client", "EasySave.Client\EasySave.Client.csproj", "{89DE21F7-ABF1-4BD7-9572-91940A531A93}"
EndProject
Global
	GlobalSection(SolutionConfigurationPlatforms) = preSolution
		Debug|Any CPU = Debug|Any CPU
		Debug|x64 = Debug|x64
		Debug|x86 = Debug|x86
		Release|Any CPU = Release|Any CPU
		Release|x64 = Release|x64
		Release|x86 = Release|x86
	EndGlobalSection
	GlobalSection(ProjectConfigurationPlatforms) = postSolution
		{B9D56788-75E8-4444-A4F6-D237CC1AD7E8}.Debug|Any CPU.ActiveCfg = Debug|Any CPU
		{B9D56788-75E8-4444-A4F6-D237CC1AD7E8}.Debug|Any CPU.Build.0 = Debug|Any CPU
		{B9D56788-75E8-4444-A4F6-D237CC1AD7E8}.Debug|x64.ActiveCfg = Debug|Any CPU
		{B9D56788-75E8-4444-A4F6-D237CC1AD7E8}.Debug|x64.Build.0 = Debug|Any CPU
		{B9D56788-75E8-4444-A4F6-D237CC1AD7E8}.Debug|x86.ActiveCfg = Debug|Any CPU
		{B9D56788-75E8-4444-A4F6-D237CC1AD7E8}.Debug|x86.Build.0 = Debug|Any CPU
		{B9D56788-75E8-4444-A4F6-D237CC1AD7E8}.Release|Any CPU.ActiveCfg = Release|Any CPU
		{B9D56788-75E8-4444-A4F6-D237CC1AD7E8}.Release|Any CPU.Build.0 = Release|Any CPU
		{B9D56788-75E8-4444-A4F6-D237CC1AD7E8}.Release|x64.ActiveCfg = Release|Any CPU
		{B9D56788-75E8-4444-A4F6-D237CC1AD7E8}.Release|x64.Build.0 = Release|Any CPU
		{B9D56788-75E8-4444-A4F6-D237CC1AD7E8}.Release|x86.ActiveCfg = Release|Any CPU
		{B9D56788-75E8-4444-A4F6-D237CC1AD7E8}.Release|x86.Build.0 = Release|Any CPU
		{CBA1CCB9-2AB6-40CC-AE81-672657E5275A}.Debug|Any CPU.ActiveCfg = Debug|Any CPU
		{CBA1CCB9-2AB6-40CC-AE81-672657E5275A}.Debug|Any CPU.Build.0 = Debug|Any CPU
		{CBA1CCB9-2AB6-40CC-AE81-672657E5275A}.Debug|x64.ActiveCfg = Debug|Any CPU
		{CBA1CCB9-2AB6-40CC-AE81-672657E5275A}.Debug|x64.Build.0 = Debug|Any CPU
		{CBA1CCB9-2AB6-40CC-AE81-672657E5275A}.Debug|x86.ActiveCfg = Debug|Any CPU
		{CBA1CCB9-2AB6-40CC-AE81-672657E5275A}.Debug|x86.Build.0 = Debug|Any CPU
		{CBA1CCB9-2AB6-40CC-AE81-672657E5275A}.Release|Any CPU.ActiveCfg = Release|Any CPU
		{CBA1CCB9-2AB6-40CC-AE81-672657E5275A}.Release|Any CPU.Build.0 = Release|Any CPU
		{CBA1CCB9-2AB6-40CC-AE81-672657E5275A}.Release|x64.ActiveCfg = Release|Any CPU
		{CBA1CCB9-2AB6-40CC-AE81-672657E5275A}.Release|x64.Build.0 = Release|Any CPU
		{CBA1CCB9-2AB6-40CC-AE81-672657E5275A}.Release|x86.ActiveCfg = Release|Any CPU
		{CBA1CCB9-2AB6-40CC-AE81-672657E5275A}.Release|x86.Build.0 = Release|Any CPU
		{D1F2A3B4-5C6D-7E8F-9A0B-1C2D3E4F5A6B}.Debug|Any CPU.ActiveCfg = Debug|Any CPU
		{D1F2A3B4-5C6D-7E8F-9A0B-1C2D3E4F5A6B}.Debug|Any CPU.Build.0 = Debug|Any CPU
		{D1F2A3B4-5C6D-7E8F-9A0B-1C2D3E4F5A6B}.Debug|x64.ActiveCfg = Debug|Any CPU
		{D1F2A3B4-5C6D-7E8F-9A0B-1C2D3E4F5A6B}.Debug|x64.Build.0 = Debug|Any CPU
		{D1F2A3B4-5C6D-7E8F-9A0B-1C2D3E4F5A6B}.Debug|x86.ActiveCfg = Debug|Any CPU
		{D1F2A3B4-5C6D-7E8F-9A0B-1C2D3E4F5A6B}.Debug|x86.Build.0 = Debug|Any CPU
		{D1F2A3B4-5C6D-7E8F-9A0B-1C2D3E4F5A6B}.Release|Any CPU.ActiveCfg = Release|Any CPU
		{D1F2A3B4-5C6D-7E8F-9A0B-1C2D3E4F5A6B}.Release|Any CPU.Build.0 = Release|Any CPU
		{D1F2A3B4-5C6D-7E8F-9A0B-1C2D3E4F5A6B}.Release|x64.ActiveCfg = Release|Any CPU
		{D1F2A3B4-5C6D-7E8F-9A0B-1C2D3E4F5A6B}.Release|x64.Build.0 = Release|Any CPU
		{D1F2A3B4-5C6D-7E8F-9A0B-1C2D3E4F5A6B}.Release|x86.ActiveCfg = Release|Any CPU
		{D1F2A3B4-5C6D-7E8F-9A0B-1C2D3E4F5A6B}.Release|x86.Build.0 = Release|Any CPU
		{A1B2C3D4-0001-4E2F-9A1B-000000000001}.Debug|Any CPU.ActiveCfg = Debug|Any CPU
		{A1B2C3D4-0001-4E2F-9A1B-000000000001}.Debug|Any CPU.Build.0 = Debug|Any CPU
		{A1B2C3D4-0001-4E2F-9A1B-000000000001}.Debug|x64.ActiveCfg = Debug|Any CPU
		{A1B2C3D4-0001-4E2F-9A1B-000000000001}.Debug|x64.Build.0 = Debug|Any CPU
		{A1B2C3D4-0001-4E2F-9A1B-000000000001}.Debug|x86.ActiveCfg = Debug|Any CPU
		{A1B2C3D4-0001-4E2F-9A1B-000000000001}.Debug|x86.Build.0 = Debug|Any CPU
		{A1B2C3D4-0001-4E2F-9A1B-000000000001}.Release|Any CPU.ActiveCfg = Release|Any CPU
		{A1B2C3D4-0001-4E2F-9A1B-000000000001}.Release|Any CPU.Build.0 = Release|Any CPU
		{A1B2C3D4-0001-4E2F-9A1B-000000000001}.Release|x64.ActiveCfg = Release|Any CPU
		{A1B2C3D4-0001-4E2F-9A1B-000000000001}.Release|x64.Build.0 = Release|Any CPU
		{A1B2C3D4-0001-4E2F-9A1B-000000000001}.Release|x86.ActiveCfg = Release|Any CPU
		{A1B2C3D4-0001-4E2F-9A1B-000000000001}.Release|x86.Build.0 = Release|Any CPU
		{A1B2C3D4-0002-4E2F-9A1B-000000000002}.Debug|Any CPU.ActiveCfg = Debug|Any CPU
		{A1B2C3D4-0002-4E2F-9A1B-000000000002}.Debug|Any CPU.Build.0 = Debug|Any CPU
		{A1B2C3D4-0002-4E2F-9A1B-000000000002}.Debug|x64.ActiveCfg = Debug|Any CPU
		{A1B2C3D4-0002-4E2F-9A1B-000000000002}.Debug|x64.Build.0 = Debug|Any CPU
		{A1B2C3D4-0002-4E2F-9A1B-000000000002}.Debug|x86.ActiveCfg = Debug|Any CPU
		{A1B2C3D4-0002-4E2F-9A1B-000000000002}.Debug|x86.Build.0 = Debug|Any CPU
		{A1B2C3D4-0002-4E2F-9A1B-000000000002}.Release|Any CPU.ActiveCfg = Release|Any CPU
		{A1B2C3D4-0002-4E2F-9A1B-000000000002}.Release|Any CPU.Build.0 = Release|Any CPU
		{A1B2C3D4-0002-4E2F-9A1B-000000000002}.Release|x64.ActiveCfg = Release|Any CPU
		{A1B2C3D4-0002-4E2F-9A1B-000000000002}.Release|x64.Build.0 = Release|Any CPU
		{A1B2C3D4-0002-4E2F-9A1B-000000000002}.Release|x86.ActiveCfg = Release|Any CPU
		{A1B2C3D4-0002-4E2F-9A1B-000000000002}.Release|x86.Build.0 = Release|Any CPU
		{0A5A46C0-3C80-4EAF-9647-5E43FDA3EA17}.Debug|Any CPU.ActiveCfg = Debug|Any CPU
		{0A5A46C0-3C80-4EAF-9647-5E43FDA3EA17}.Debug|Any CPU.Build.0 = Debug|Any CPU
		{0A5A46C0-3C80-4EAF-9647-5E43FDA3EA17}.Debug|x64.ActiveCfg = Debug|Any CPU
		{0A5A46C0-3C80-4EAF-9647-5E43FDA3EA17}.Debug|x64.Build.0 = Debug|Any CPU
		{0A5A46C0-3C80-4EAF-9647-5E43FDA3EA17}.Debug|x86.ActiveCfg = Debug|Any CPU
		{0A5A46C0-3C80-4EAF-9647-5E43FDA3EA17}.Debug|x86.Build.0 = Debug|Any CPU
		{0A5A46C0-3C80-4EAF-9647-5E43FDA3EA17}.Release|Any CPU.ActiveCfg = Release|Any CPU
		{0A5A46C0-3C80-4EAF-9647-5E43FDA3EA17}.Release|Any CPU.Build.0 = Release|Any CPU
		{0A5A46C0-3C80-4EAF-9647-5E43FDA3EA17}.Release|x64.ActiveCfg = Release|Any CPU
		{0A5A46C0-3C80-4EAF-9647-5E43FDA3EA17}.Release|x64.Build.0 = Release|Any CPU
		{0A5A46C0-3C80-4EAF-9647-5E43FDA3EA17}.Release|x86.ActiveCfg = Release|Any CPU
		{0A5A46C0-3C80-4EAF-9647-5E43FDA3EA17}.Release|x86.Build.0 = Release|Any CPU
		{F9EFE7EA-F774-4CC1-9320-50FB7A520A36}.Debug|Any CPU.ActiveCfg = Debug|Any CPU
		{F9EFE7EA-F774-4CC1-9320-50FB7A520A36}.Debug|Any CPU.Build.0 = Debug|Any CPU
		{F9EFE7EA-F774-4CC1-9320-50FB7A520A36}.Debug|x64.ActiveCfg = Debug|Any CPU
		{F9EFE7EA-F774-4CC1-9320-50FB7A520A36}.Debug|x64.Build.0 = Debug|Any CPU
		{F9EFE7EA-F774-4CC1-9320-50FB7A520A36}.Debug|x86.ActiveCfg = Debug|Any CPU
		{F9EFE7EA-F774-4CC1-9320-50FB7A520A36}.Debug|x86.Build.0 = Debug|Any CPU
		{F9EFE7EA-F774-4CC1-9320-50FB7A520A36}.Release|Any CPU.ActiveCfg = Release|Any CPU
		{F9EFE7EA-F774-4CC1-9320-50FB7A520A36}.Release|Any CPU.Build.0 = Release|Any CPU
		{F9EFE7EA-F774-4CC1-9320-50FB7A520A36}.Release|x64.ActiveCfg = Release|Any CPU
		{F9EFE7EA-F774-4CC1-9320-50FB7A520A36}.Release|x64.Build.0 = Release|Any CPU
		{F9EFE7EA-F774-4CC1-9320-50FB7A520A36}.Release|x86.ActiveCfg = Release|Any CPU
		{F9EFE7EA-F774-4CC1-9320-50FB7A520A36}.Release|x86.Build.0 = Release|Any CPU
		{89DE21F7-ABF1-4BD7-9572-91940A531A93}.Debug|Any CPU.ActiveCfg = Debug|Any CPU
		{89DE21F7-ABF1-4BD7-9572-91940A531A93}.Debug|Any CPU.Build.0 = Debug|Any CPU
		{89DE21F7-ABF1-4BD7-9572-91940A531A93}.Debug|x64.ActiveCfg = Debug|Any CPU
		{89DE21F7-ABF1-4BD7-9572-91940A531A93}.Debug|x64.Build.0 = Debug|Any CPU
		{89DE21F7-ABF1-4BD7-9572-91940A531A93}.Debug|x86.ActiveCfg = Debug|Any CPU
		{89DE21F7-ABF1-4BD7-9572-91940A531A93}.Debug|x86.Build.0 = Debug|Any CPU
		{89DE21F7-ABF1-4BD7-9572-91940A531A93}.Release|Any CPU.ActiveCfg = Release|Any CPU
		{89DE21F7-ABF1-4BD7-9572-91940A531A93}.Release|Any CPU.Build.0 = Release|Any CPU
		{89DE21F7-ABF1-4BD7-9572-91940A531A93}.Release|x64.ActiveCfg = Release|Any CPU
		{89DE21F7-ABF1-4BD7-9572-91940A531A93}.Release|x64.Build.0 = Release|Any CPU
		{89DE21F7-ABF1-4BD7-9572-91940A531A93}.Release|x86.ActiveCfg = Release|Any CPU
		{89DE21F7-ABF1-4BD7-9572-91940A531A93}.Release|x86.Build.0 = Release|Any CPU
	EndGlobalSection
	GlobalSection(SolutionProperties) = preSolution
		HideSolutionNode = FALSE
	EndGlobalSection
EndGlobal
